Microsoft Visual Studio Solution File, Format Version 12.00
# Visual Studio Version 17
VisualStudioVersion = 17.13.35919.96
MinimumVisualStudioVersion = 10.0.40219.1
Project("{FAE04EC0-301F-11D3-BF4B-00C04F79EFBC}") = "net-maui-grid", "net-maui-grid\net-maui-grid.csproj", "{8E8BF44D-EFE9-4460-B43B-0E76CFD4F38F}"
EndProject
Global
	GlobalSection(SolutionConfigurationPlatforms) = preSolution
		Debug|Any CPU = Debug|Any CPU
		Release|Any CPU = Release|Any CPU
	EndGlobalSection
	GlobalSection(ProjectConfigurationPlatforms) = postSolution
		{8E8BF44D-EFE9-4460-B43B-0E76CFD4F38F}.Debug|Any CPU.ActiveCfg = Debug|Any CPU
		{8E8BF44D-EFE9-4460-B43B-0E76CFD4F38F}.Debug|Any CPU.Build.0 = Debug|Any CPU
		{8E8BF44D-EFE9-4460-B43B-0E76CFD4F38F}.Debug|Any CPU.Deploy.0 = Debug|Any CPU
		{8E8BF44D-EFE9-4460-B43B-0E76CFD4F38F}.Release|Any CPU.ActiveCfg = Release|Any CPU
		{8E8BF44D-EFE9-4460-B43B-0E76CFD4F38F}.Release|Any CPU.Build.0 = Release|Any CPU
		{8E8BF44D-EFE9-4460-B43B-0E76CFD4F38F}.Release|Any CPU.Deploy.0 = Release|Any CPU
	EndGlobalSection
	GlobalSection(SolutionProperties) = preSolution
		HideSolutionNode = FALSE
	EndGlobalSection
	GlobalSection(ExtensibilityGlobals) = postSolution
		SolutionGuid = {EE1C93AE-5CE0-491C-9700-A616F6B1A684}
	EndGlobalSection
EndGlobal
